
Microsoft Visual Studio Solution File, Format Version 12.00
# Visual Studio Version 17
VisualStudioVersion = 17.11.35222.181
MinimumVisualStudioVersion = 10.0.40219.1
Project("{9A19103F-16F7-4668-BE54-9A1E7A4F7556}") = "CustomWpfControls", "CustomWpfControls\CustomWpfControls.csproj", "{D7B8B751-7EC5-4820-A855-2225D8B7FCED}"
EndProject
Project("{9A19103F-16F7-4668-BE54-9A1E7A4F7556}") = "CustomWpfControls.Sample", "CustomWpfControls.Sample\CustomWpfControls.Sample.csproj", "{49C488F6-E742-4BDF-9056-DA4B7C7D44DC}"
EndProject
Project("{FAE04EC0-301F-11D3-BF4B-00C04F79EFBC}") = "ConsoleApp1", "ConsoleApp1\ConsoleApp1.csproj", "{DB91B9E9-F1E6-485A-BE2D-294658F71486}"
EndProject
Global
	GlobalSection(SolutionConfigurationPlatforms) = preSolution
		Debug|Any CPU = Debug|Any CPU
		Release|Any CPU = Release|Any CPU
	EndGlobalSection
	GlobalSection(ProjectConfigurationPlatforms) = postSolution
		{D7B8B751-7EC5-4820-A855-2225D8B7FCED}.Debug|Any CPU.ActiveCfg = Debug|Any CPU
		{D7B8B751-7EC5-4820-A855-2225D8B7FCED}.Debug|Any CPU.Build.0 = Debug|Any CPU
		{D7B8B751-7EC5-4820-A855-2225D8B7FCED}.Release|Any CPU.ActiveCfg = Release|Any CPU
		{D7B8B751-7EC5-4820-A855-2225D8B7FCED}.Release|Any CPU.Build.0 = Release|Any CPU
		{49C488F6-E742-4BDF-9056-DA4B7C7D44DC}.Debug|Any CPU.ActiveCfg = Debug|Any CPU
		{49C488F6-E742-4BDF-9056-DA4B7C7D44DC}.Debug|Any CPU.Build.0 = Debug|Any CPU
		{49C488F6-E742-4BDF-9056-DA4B7C7D44DC}.Release|Any CPU.ActiveCfg = Release|Any CPU
		{49C488F6-E742-4BDF-9056-DA4B7C7D44DC}.Release|Any CPU.Build.0 = Release|Any CPU
		{DB91B9E9-F1E6-485A-BE2D-294658F71486}.Debug|Any CPU.ActiveCfg = Debug|Any CPU
		{DB91B9E9-F1E6-485A-BE2D-294658F71486}.Debug|Any CPU.Build.0 = Debug|Any CPU
		{DB91B9E9-F1E6-485A-BE2D-294658F71486}.Release|Any CPU.ActiveCfg = Release|Any CPU
		{DB91B9E9-F1E6-485A-BE2D-294658F71486}.Release|Any CPU.Build.0 = Release|Any CPU
	EndGlobalSection
	GlobalSection(SolutionProperties) = preSolution
		HideSolutionNode = FALSE
	EndGlobalSection
	GlobalSection(ExtensibilityGlobals) = postSolution
		SolutionGuid = {3D25D36A-2A44-4D0D-B77F-8466F7675A7A}
	EndGlobalSection
EndGlobal
