
Microsoft Visual Studio Solution File, Format Version 12.00
# Visual Studio Version 17
VisualStudioVersion = 17.11.35222.181
MinimumVisualStudioVersion = 10.0.40219.1
Project("{9A19103F-16F7-4668-BE54-9A1E7A4F7556}") = "DateTimePickerControl", "DateTimePickerControl\DateTimePickerControl.csproj", "{59EA7953-07EE-41AB-ACCF-3C5F0D832E63}"
EndProject
Project("{9A19103F-16F7-4668-BE54-9A1E7A4F7556}") = "DateTimePickerControl.Sample", "DateTimePickerControl.Sample\DateTimePickerControl.Sample.csproj", "{9B8DD401-17F8-408E-8D91-BCE2A0F391A2}"
EndProject
Global
	GlobalSection(SolutionConfigurationPlatforms) = preSolution
		Debug|Any CPU = Debug|Any CPU
		Release|Any CPU = Release|Any CPU
	EndGlobalSection
	GlobalSection(ProjectConfigurationPlatforms) = postSolution
		{59EA7953-07EE-41AB-ACCF-3C5F0D832E63}.Debug|Any CPU.ActiveCfg = Debug|Any CPU
		{59EA7953-07EE-41AB-ACCF-3C5F0D832E63}.Debug|Any CPU.Build.0 = Debug|Any CPU
		{59EA7953-07EE-41AB-ACCF-3C5F0D832E63}.Release|Any CPU.ActiveCfg = Release|Any CPU
		{59EA7953-07EE-41AB-ACCF-3C5F0D832E63}.Release|Any CPU.Build.0 = Release|Any CPU
		{9B8DD401-17F8-408E-8D91-BCE2A0F391A2}.Debug|Any CPU.ActiveCfg = Debug|Any CPU
		{9B8DD401-17F8-408E-8D91-BCE2A0F391A2}.Debug|Any CPU.Build.0 = Debug|Any CPU
		{9B8DD401-17F8-408E-8D91-BCE2A0F391A2}.Release|Any CPU.ActiveCfg = Release|Any CPU
		{9B8DD401-17F8-408E-8D91-BCE2A0F391A2}.Release|Any CPU.Build.0 = Release|Any CPU
	EndGlobalSection
	GlobalSection(SolutionProperties) = preSolution
		HideSolutionNode = FALSE
	EndGlobalSection
	GlobalSection(ExtensibilityGlobals) = postSolution
		SolutionGuid = {3D25D36A-2A44-4D0D-B77F-8466F7675A7A}
	EndGlobalSection
EndGlobal
