
Microsoft Visual Studio Solution File, Format Version 12.00
# Visual Studio Version 17
VisualStudioVersion = 17.11.35222.181
MinimumVisualStudioVersion = 10.0.40219.1
Project("{9A19103F-16F7-4668-BE54-9A1E7A4F7556}") = "ToggleControl", "ToggleControl\ToggleControl.csproj", "{D769FCCD-A84A-4EB8-A18E-F4697B649E68}"
EndProject
Project("{9A19103F-16F7-4668-BE54-9A1E7A4F7556}") = "ToggleControl.Sample", "ToggleControl.Sample\ToggleControl.Sample.csproj", "{995E3433-C8AD-4A9B-97E5-2D3DD66E0160}"
EndProject
Global
	GlobalSection(SolutionConfigurationPlatforms) = preSolution
		Debug|Any CPU = Debug|Any CPU
		Release|Any CPU = Release|Any CPU
	EndGlobalSection
	GlobalSection(ProjectConfigurationPlatforms) = postSolution
		{D769FCCD-A84A-4EB8-A18E-F4697B649E68}.Debug|Any CPU.ActiveCfg = Debug|Any CPU
		{D769FCCD-A84A-4EB8-A18E-F4697B649E68}.Debug|Any CPU.Build.0 = Debug|Any CPU
		{D769FCCD-A84A-4EB8-A18E-F4697B649E68}.Release|Any CPU.ActiveCfg = Release|Any CPU
		{D769FCCD-A84A-4EB8-A18E-F4697B649E68}.Release|Any CPU.Build.0 = Release|Any CPU
		{995E3433-C8AD-4A9B-97E5-2D3DD66E0160}.Debug|Any CPU.ActiveCfg = Debug|Any CPU
		{995E3433-C8AD-4A9B-97E5-2D3DD66E0160}.Debug|Any CPU.Build.0 = Debug|Any CPU
		{995E3433-C8AD-4A9B-97E5-2D3DD66E0160}.Release|Any CPU.ActiveCfg = Release|Any CPU
		{995E3433-C8AD-4A9B-97E5-2D3DD66E0160}.Release|Any CPU.Build.0 = Release|Any CPU
	EndGlobalSection
	GlobalSection(SolutionProperties) = preSolution
		HideSolutionNode = FALSE
	EndGlobalSection
	GlobalSection(ExtensibilityGlobals) = postSolution
		SolutionGuid = {3D25D36A-2A44-4D0D-B77F-8466F7675A7A}
	EndGlobalSection
EndGlobal
